
Microsoft Visual Studio Solution File, Format Version 12.00
# Visual Studio Version 17
VisualStudioVersion = 17.8.34330.188
MinimumVisualStudioVersion = 10.0.40219.1
Project("{FAE04EC0-301F-11D3-BF4B-00C04F79EFBC}") = "GitFun", "GitFun.csproj", "{EC192BFF-CED1-4F11-89ED-5F4CCD9406EC}"
EndProject
Global
	GlobalSection(SolutionConfigurationPlatforms) = preSolution
		Debug|Any CPU = Debug|Any CPU
		Release|Any CPU = Release|Any CPU
	EndGlobalSection
	GlobalSection(ProjectConfigurationPlatforms) = postSolution
		{EC192BFF-CED1-4F11-89ED-5F4CCD9406EC}.Debug|Any CPU.ActiveCfg = Debug|Any CPU
		{EC192BFF-CED1-4F11-89ED-5F4CCD9406EC}.Debug|Any CPU.Build.0 = Debug|Any CPU
		{EC192BFF-CED1-4F11-89ED-5F4CCD9406EC}.Release|Any CPU.ActiveCfg = Release|Any CPU
		{EC192BFF-CED1-4F11-89ED-5F4CCD9406EC}.Release|Any CPU.Build.0 = Release|Any CPU
	EndGlobalSection
	GlobalSection(SolutionProperties) = preSolution
		HideSolutionNode = FALSE
	EndGlobalSection
	GlobalSection(ExtensibilityGlobals) = postSolution
		SolutionGuid = {58C1A3C5-B0FC-4933-8A13-D51AD0798D22}
	EndGlobalSection
EndGlobal
